
Microsoft Visual Studio Solution File, Format Version 12.00
# Visual Studio 15
VisualStudioVersion = 15.0.26228.9
MinimumVisualStudioVersion = 10.0.40219.1
Project("{FAE04EC0-301F-11D3-BF4B-00C04F79EFBC}") = "uttne.Linq.net35", "uttne.Linq.net35\uttne.Linq.net35.csproj", "{8015F6F6-A197-4C4F-821A-29F9213F8A24}"
EndProject
Project("{FAE04EC0-301F-11D3-BF4B-00C04F79EFBC}") = "uttne.Linq.net35.Tests", "uttne.Linq.net35.Tests\uttne.Linq.net35.Tests.csproj", "{71F150B3-0626-4626-92D1-EAE5E4E77446}"
EndProject
Global
	GlobalSection(SolutionConfigurationPlatforms) = preSolution
		Debug|Any CPU = Debug|Any CPU
		Release|Any CPU = Release|Any CPU
	EndGlobalSection
	GlobalSection(ProjectConfigurationPlatforms) = postSolution
		{8015F6F6-A197-4C4F-821A-29F9213F8A24}.Debug|Any CPU.ActiveCfg = Debug|Any CPU
		{8015F6F6-A197-4C4F-821A-29F9213F8A24}.Debug|Any CPU.Build.0 = Debug|Any CPU
		{8015F6F6-A197-4C4F-821A-29F9213F8A24}.Release|Any CPU.ActiveCfg = Release|Any CPU
		{8015F6F6-A197-4C4F-821A-29F9213F8A24}.Release|Any CPU.Build.0 = Release|Any CPU
		{71F150B3-0626-4626-92D1-EAE5E4E77446}.Debug|Any CPU.ActiveCfg = Debug|Any CPU
		{71F150B3-0626-4626-92D1-EAE5E4E77446}.Debug|Any CPU.Build.0 = Debug|Any CPU
		{71F150B3-0626-4626-92D1-EAE5E4E77446}.Release|Any CPU.ActiveCfg = Release|Any CPU
		{71F150B3-0626-4626-92D1-EAE5E4E77446}.Release|Any CPU.Build.0 = Release|Any CPU
	EndGlobalSection
	GlobalSection(SolutionProperties) = preSolution
		HideSolutionNode = FALSE
	EndGlobalSection
EndGlobal
